{
  "name": "dotosb-ae",
  "version": "1.0.0",
  "lockfileVersion": 2,
  "requires": true,
  "packages": {
    "": {
      "name": "dotosb-ae",
      "version": "1.0.0",
      "license": "ISC",
      "dependencies": {
        "dotosb": "^1.3.2"
      }
    },
    "node_modules/dotosb": {
      "version": "1.3.2",
      "resolved": "https://registry.npmjs.org/dotosb/-/dotosb-1.3.2.tgz",
      "integrity": "sha512-82Nl4FBFDhVq4girg0pMZ+WYvre6EUri6MkqhHwBfx7BfMUBxkLk5ggIZjWuCtrnEvth4V/RaLy3Y/hZ9yRYTw=="
    }
  },
  "dependencies": {
    "dotosb": {
      "version": "1.3.2",
      "resolved": "https://registry.npmjs.org/dotosb/-/dotosb-1.3.2.tgz",
      "integrity": "sha512-82Nl4FBFDhVq4girg0pMZ+WYvre6EUri6MkqhHwBfx7BfMUBxkLk5ggIZjWuCtrnEvth4V/RaLy3Y/hZ9yRYTw=="
    }
  }
}
